
Microsoft Visual Studio Solution File, Format Version 12.00
# Visual Studio 15
VisualStudioVersion = 15.0.26403.7
MinimumVisualStudioVersion = 10.0.40219.1
Project("{FAE04EC0-301F-11D3-BF4B-00C04F79EFBC}") = "Fabric.Identity.API", "Fabric.Identity.API\Fabric.Identity.API.csproj", "{339B47C8-2013-43AF-8338-2D02C0105C9F}"
EndProject
Project("{E53339B2-1760-4266-BCC7-CA923CBCF16C}") = "docker-compose", "docker-compose.dcproj", "{A80E090D-8D26-48F6-ABC8-5DC6A556D76E}"
EndProject
Project("{9A19103F-16F7-4668-BE54-9A1E7A4F7556}") = "Fabric.Authorization.API", "Fabric.Authorization.API\Fabric.Authorization.API.csproj", "{92AE500C-8A50-4099-B713-250EBFB3AC18}"
EndProject
Project("{9A19103F-16F7-4668-BE54-9A1E7A4F7556}") = "Fabric.Authorization.Domain", "Fabric.Authorization.Domain\Fabric.Authorization.Domain.csproj", "{CBC5A141-C608-4B8A-BE76-BE38F109D474}"
EndProject
Project("{FAE04EC0-301F-11D3-BF4B-00C04F79EFBC}") = "Fabric.Authorization.UnitTests", "Fabric.Authorization.UnitTests\Fabric.Authorization.UnitTests.csproj", "{C6F3BC91-9F07-439B-B554-05A1E2FBE144}"
EndProject
Global
	GlobalSection(SolutionConfigurationPlatforms) = preSolution
		Debug|Any CPU = Debug|Any CPU
		Release|Any CPU = Release|Any CPU
	EndGlobalSection
	GlobalSection(ProjectConfigurationPlatforms) = postSolution
		{339B47C8-2013-43AF-8338-2D02C0105C9F}.Debug|Any CPU.ActiveCfg = Debug|Any CPU
		{339B47C8-2013-43AF-8338-2D02C0105C9F}.Debug|Any CPU.Build.0 = Debug|Any CPU
		{339B47C8-2013-43AF-8338-2D02C0105C9F}.Release|Any CPU.ActiveCfg = Release|Any CPU
		{339B47C8-2013-43AF-8338-2D02C0105C9F}.Release|Any CPU.Build.0 = Release|Any CPU
		{A80E090D-8D26-48F6-ABC8-5DC6A556D76E}.Debug|Any CPU.ActiveCfg = Debug|Any CPU
		{A80E090D-8D26-48F6-ABC8-5DC6A556D76E}.Debug|Any CPU.Build.0 = Debug|Any CPU
		{A80E090D-8D26-48F6-ABC8-5DC6A556D76E}.Release|Any CPU.ActiveCfg = Release|Any CPU
		{A80E090D-8D26-48F6-ABC8-5DC6A556D76E}.Release|Any CPU.Build.0 = Release|Any CPU
		{92AE500C-8A50-4099-B713-250EBFB3AC18}.Debug|Any CPU.ActiveCfg = Debug|Any CPU
		{92AE500C-8A50-4099-B713-250EBFB3AC18}.Debug|Any CPU.Build.0 = Debug|Any CPU
		{92AE500C-8A50-4099-B713-250EBFB3AC18}.Release|Any CPU.ActiveCfg = Release|Any CPU
		{92AE500C-8A50-4099-B713-250EBFB3AC18}.Release|Any CPU.Build.0 = Release|Any CPU
		{CBC5A141-C608-4B8A-BE76-BE38F109D474}.Debug|Any CPU.ActiveCfg = Debug|Any CPU
		{CBC5A141-C608-4B8A-BE76-BE38F109D474}.Debug|Any CPU.Build.0 = Debug|Any CPU
		{CBC5A141-C608-4B8A-BE76-BE38F109D474}.Release|Any CPU.ActiveCfg = Release|Any CPU
		{CBC5A141-C608-4B8A-BE76-BE38F109D474}.Release|Any CPU.Build.0 = Release|Any CPU
		{C6F3BC91-9F07-439B-B554-05A1E2FBE144}.Debug|Any CPU.ActiveCfg = Debug|Any CPU
		{C6F3BC91-9F07-439B-B554-05A1E2FBE144}.Debug|Any CPU.Build.0 = Debug|Any CPU
		{C6F3BC91-9F07-439B-B554-05A1E2FBE144}.Release|Any CPU.ActiveCfg = Release|Any CPU
		{C6F3BC91-9F07-439B-B554-05A1E2FBE144}.Release|Any CPU.Build.0 = Release|Any CPU
	EndGlobalSection
	GlobalSection(SolutionProperties) = preSolution
		HideSolutionNode = FALSE
	EndGlobalSection
EndGlobal
