
Microsoft Visual Studio Solution File, Format Version 12.00
# Visual Studio 15
VisualStudioVersion = 15.0.27130.2003
MinimumVisualStudioVersion = 10.0.40219.1
Project("{9A19103F-16F7-4668-BE54-9A1E7A4F7556}") = "Fabric.Authorization.API", "Fabric.Authorization.API\Fabric.Authorization.API.csproj", "{BE529580-6E92-47BE-B66F-DAAB486B7AC3}"
EndProject
Project("{9A19103F-16F7-4668-BE54-9A1E7A4F7556}") = "Fabric.Authorization.Domain", "Fabric.Authorization.Domain\Fabric.Authorization.Domain.csproj", "{76B0ABEE-0C7F-4352-AFC4-DFDB83491B12}"
EndProject
Project("{9A19103F-16F7-4668-BE54-9A1E7A4F7556}") = "Fabric.Authorization.UnitTests", "Fabric.Authorization.UnitTests\Fabric.Authorization.UnitTests.csproj", "{AEAA89A0-DD7E-43B5-A052-4EC1CDE3E044}"
EndProject
Project("{E53339B2-1760-4266-BCC7-CA923CBCF16C}") = "docker-compose", "docker-compose.dcproj", "{2112EDDE-E830-4E0A-AF00-4A211772FD32}"
EndProject
Project("{9A19103F-16F7-4668-BE54-9A1E7A4F7556}") = "Fabric.Authorization.IntegrationTests", "Fabric.Authorization.IntegrationTests\Fabric.Authorization.IntegrationTests.csproj", "{3F90AE6E-7202-4BC7-923B-D5342F391997}"
EndProject
Project("{00D1A9C2-B5F0-4AF3-8072-F6C62B433612}") = "Fabric.Authorization.SqlServer", "Fabric.Authorization.SqlServer\Fabric.Authorization.SqlServer.sqlproj", "{5D55F78B-6965-4093-9048-6F9AD0883A7C}"
EndProject
Project("{9A19103F-16F7-4668-BE54-9A1E7A4F7556}") = "Fabric.Authorization.Persistence.SqlServer", "Fabric.Authorization.Persistence.SqlServer\Fabric.Authorization.Persistence.SqlServer.csproj", "{0F06934A-01C8-4959-8A00-6F23052691B2}"
EndProject
Project("{9A19103F-16F7-4668-BE54-9A1E7A4F7556}") = "Fabric.Authorization.LibOwin", "Fabric.Authorization.LibOwin\Fabric.Authorization.LibOwin.csproj", "{915460EA-ED17-4820-9174-D3C76A6FD8D0}"
EndProject
Project("{9A19103F-16F7-4668-BE54-9A1E7A4F7556}") = "Fabric.Authorization.Client", "Fabric.Authorization.Client\Fabric.Authorization.Client.csproj", "{8FD018AA-1EC6-4B8A-8DEA-2A891EF2FCBF}"
EndProject
Project("{9A19103F-16F7-4668-BE54-9A1E7A4F7556}") = "Fabric.Authorization.Client.IntegrationTests", "Fabric.Authorization.Client.IntegrationTests\Fabric.Authorization.Client.IntegrationTests.csproj", "{A4285080-7E75-4D1E-B640-0046CC71CC92}"
EndProject
Project("{9A19103F-16F7-4668-BE54-9A1E7A4F7556}") = "Fabric.Authorization.Client.UnitTests", "Fabric.Authorization.Client.UnitTests\Fabric.Authorization.Client.UnitTests.csproj", "{91C96910-CED8-4BA0-9129-21DBED06E4DE}"
EndProject
Project("{9A19103F-16F7-4668-BE54-9A1E7A4F7556}") = "Fabric.Authorization.Models", "Fabric.Authorization.Models\Fabric.Authorization.Models.csproj", "{7D6C392A-DD6B-40B4-832A-19AD11F8327A}"
EndProject
Global
	GlobalSection(SolutionConfigurationPlatforms) = preSolution
		Debug|Any CPU = Debug|Any CPU
		Release|Any CPU = Release|Any CPU
	EndGlobalSection
	GlobalSection(ProjectConfigurationPlatforms) = postSolution
		{BE529580-6E92-47BE-B66F-DAAB486B7AC3}.Debug|Any CPU.ActiveCfg = Debug|Any CPU
		{BE529580-6E92-47BE-B66F-DAAB486B7AC3}.Debug|Any CPU.Build.0 = Debug|Any CPU
		{BE529580-6E92-47BE-B66F-DAAB486B7AC3}.Release|Any CPU.ActiveCfg = Release|Any CPU
		{BE529580-6E92-47BE-B66F-DAAB486B7AC3}.Release|Any CPU.Build.0 = Release|Any CPU
		{76B0ABEE-0C7F-4352-AFC4-DFDB83491B12}.Debug|Any CPU.ActiveCfg = Debug|Any CPU
		{76B0ABEE-0C7F-4352-AFC4-DFDB83491B12}.Debug|Any CPU.Build.0 = Debug|Any CPU
		{76B0ABEE-0C7F-4352-AFC4-DFDB83491B12}.Release|Any CPU.ActiveCfg = Release|Any CPU
		{76B0ABEE-0C7F-4352-AFC4-DFDB83491B12}.Release|Any CPU.Build.0 = Release|Any CPU
		{AEAA89A0-DD7E-43B5-A052-4EC1CDE3E044}.Debug|Any CPU.ActiveCfg = Debug|Any CPU
		{AEAA89A0-DD7E-43B5-A052-4EC1CDE3E044}.Debug|Any CPU.Build.0 = Debug|Any CPU
		{AEAA89A0-DD7E-43B5-A052-4EC1CDE3E044}.Release|Any CPU.ActiveCfg = Release|Any CPU
		{AEAA89A0-DD7E-43B5-A052-4EC1CDE3E044}.Release|Any CPU.Build.0 = Release|Any CPU
		{2112EDDE-E830-4E0A-AF00-4A211772FD32}.Debug|Any CPU.ActiveCfg = Debug|Any CPU
		{2112EDDE-E830-4E0A-AF00-4A211772FD32}.Debug|Any CPU.Build.0 = Debug|Any CPU
		{2112EDDE-E830-4E0A-AF00-4A211772FD32}.Release|Any CPU.ActiveCfg = Release|Any CPU
		{2112EDDE-E830-4E0A-AF00-4A211772FD32}.Release|Any CPU.Build.0 = Release|Any CPU
		{3F90AE6E-7202-4BC7-923B-D5342F391997}.Debug|Any CPU.ActiveCfg = Debug|Any CPU
		{3F90AE6E-7202-4BC7-923B-D5342F391997}.Debug|Any CPU.Build.0 = Debug|Any CPU
		{3F90AE6E-7202-4BC7-923B-D5342F391997}.Release|Any CPU.ActiveCfg = Release|Any CPU
		{3F90AE6E-7202-4BC7-923B-D5342F391997}.Release|Any CPU.Build.0 = Release|Any CPU
		{5D55F78B-6965-4093-9048-6F9AD0883A7C}.Debug|Any CPU.ActiveCfg = Debug|Any CPU
		{5D55F78B-6965-4093-9048-6F9AD0883A7C}.Debug|Any CPU.Build.0 = Debug|Any CPU
		{5D55F78B-6965-4093-9048-6F9AD0883A7C}.Debug|Any CPU.Deploy.0 = Debug|Any CPU
		{5D55F78B-6965-4093-9048-6F9AD0883A7C}.Release|Any CPU.ActiveCfg = Release|Any CPU
		{5D55F78B-6965-4093-9048-6F9AD0883A7C}.Release|Any CPU.Build.0 = Release|Any CPU
		{5D55F78B-6965-4093-9048-6F9AD0883A7C}.Release|Any CPU.Deploy.0 = Release|Any CPU
		{0F06934A-01C8-4959-8A00-6F23052691B2}.Debug|Any CPU.ActiveCfg = Debug|Any CPU
		{0F06934A-01C8-4959-8A00-6F23052691B2}.Debug|Any CPU.Build.0 = Debug|Any CPU
		{0F06934A-01C8-4959-8A00-6F23052691B2}.Release|Any CPU.ActiveCfg = Release|Any CPU
		{0F06934A-01C8-4959-8A00-6F23052691B2}.Release|Any CPU.Build.0 = Release|Any CPU
		{915460EA-ED17-4820-9174-D3C76A6FD8D0}.Debug|Any CPU.ActiveCfg = Debug|Any CPU
		{915460EA-ED17-4820-9174-D3C76A6FD8D0}.Debug|Any CPU.Build.0 = Debug|Any CPU
		{915460EA-ED17-4820-9174-D3C76A6FD8D0}.Release|Any CPU.ActiveCfg = Release|Any CPU
		{915460EA-ED17-4820-9174-D3C76A6FD8D0}.Release|Any CPU.Build.0 = Release|Any CPU
		{8FD018AA-1EC6-4B8A-8DEA-2A891EF2FCBF}.Debug|Any CPU.ActiveCfg = Debug|Any CPU
		{8FD018AA-1EC6-4B8A-8DEA-2A891EF2FCBF}.Debug|Any CPU.Build.0 = Debug|Any CPU
		{8FD018AA-1EC6-4B8A-8DEA-2A891EF2FCBF}.Release|Any CPU.ActiveCfg = Release|Any CPU
		{8FD018AA-1EC6-4B8A-8DEA-2A891EF2FCBF}.Release|Any CPU.Build.0 = Release|Any CPU
		{A4285080-7E75-4D1E-B640-0046CC71CC92}.Debug|Any CPU.ActiveCfg = Debug|Any CPU
		{A4285080-7E75-4D1E-B640-0046CC71CC92}.Debug|Any CPU.Build.0 = Debug|Any CPU
		{A4285080-7E75-4D1E-B640-0046CC71CC92}.Release|Any CPU.ActiveCfg = Release|Any CPU
		{A4285080-7E75-4D1E-B640-0046CC71CC92}.Release|Any CPU.Build.0 = Release|Any CPU
		{91C96910-CED8-4BA0-9129-21DBED06E4DE}.Debug|Any CPU.ActiveCfg = Debug|Any CPU
		{91C96910-CED8-4BA0-9129-21DBED06E4DE}.Debug|Any CPU.Build.0 = Debug|Any CPU
		{91C96910-CED8-4BA0-9129-21DBED06E4DE}.Release|Any CPU.ActiveCfg = Release|Any CPU
		{91C96910-CED8-4BA0-9129-21DBED06E4DE}.Release|Any CPU.Build.0 = Release|Any CPU
		{7D6C392A-DD6B-40B4-832A-19AD11F8327A}.Debug|Any CPU.ActiveCfg = Debug|Any CPU
		{7D6C392A-DD6B-40B4-832A-19AD11F8327A}.Debug|Any CPU.Build.0 = Debug|Any CPU
		{7D6C392A-DD6B-40B4-832A-19AD11F8327A}.Release|Any CPU.ActiveCfg = Release|Any CPU
		{7D6C392A-DD6B-40B4-832A-19AD11F8327A}.Release|Any CPU.Build.0 = Release|Any CPU
	EndGlobalSection
	GlobalSection(SolutionProperties) = preSolution
		HideSolutionNode = FALSE
	EndGlobalSection
	GlobalSection(ExtensibilityGlobals) = postSolution
		SolutionGuid = {DE9476A5-DFBC-438A-8017-CE1FB765AFC0}
	EndGlobalSection
EndGlobal
