
Microsoft Visual Studio Solution File, Format Version 12.00
# Visual Studio 15
VisualStudioVersion = 15.0.27130.2003
MinimumVisualStudioVersion = 10.0.40219.1
Project("{9A19103F-16F7-4668-BE54-9A1E7A4F7556}") = "Fabric.Authorization.API", "Fabric.Authorization.API\Fabric.Authorization.API.csproj", "{BE529580-6E92-47BE-B66F-DAAB486B7AC3}"
EndProject
Project("{9A19103F-16F7-4668-BE54-9A1E7A4F7556}") = "Fabric.Authorization.Domain", "Fabric.Authorization.Domain\Fabric.Authorization.Domain.csproj", "{76B0ABEE-0C7F-4352-AFC4-DFDB83491B12}"
EndProject
Project("{9A19103F-16F7-4668-BE54-9A1E7A4F7556}") = "Fabric.Authorization.UnitTests", "Fabric.Authorization.UnitTests\Fabric.Authorization.UnitTests.csproj", "{AEAA89A0-DD7E-43B5-A052-4EC1CDE3E044}"
EndProject
Project("{E53339B2-1760-4266-BCC7-CA923CBCF16C}") = "docker-compose", "docker-compose.dcproj", "{2112EDDE-E830-4E0A-AF00-4A211772FD32}"
EndProject
Project("{9A19103F-16F7-4668-BE54-9A1E7A4F7556}") = "Fabric.Authorization.IntegrationTests", "Fabric.Authorization.IntegrationTests\Fabric.Authorization.IntegrationTests.csproj", "{3F90AE6E-7202-4BC7-923B-D5342F391997}"
EndProject
Project("{00D1A9C2-B5F0-4AF3-8072-F6C62B433612}") = "Fabric.Authorization.SqlServer", "Fabric.Authorization.SqlServer\Fabric.Authorization.SqlServer.sqlproj", "{5D55F78B-6965-4093-9048-6F9AD0883A7C}"
EndProject
Project("{9A19103F-16F7-4668-BE54-9A1E7A4F7556}") = "Fabric.Authorization.Persistence.SqlServer", "Fabric.Authorization.Persistence.SqlServer\Fabric.Authorization.Persistence.SqlServer.csproj", "{0F06934A-01C8-4959-8A00-6F23052691B2}"
EndProject
Project("{9A19103F-16F7-4668-BE54-9A1E7A4F7556}") = "Fabric.Authorization.LibOwin", "Fabric.Authorization.LibOwin\Fabric.Authorization.LibOwin.csproj", "{915460EA-ED17-4820-9174-D3C76A6FD8D0}"
EndProject
Project("{9A19103F-16F7-4668-BE54-9A1E7A4F7556}") = "Fabric.Authorization.AccessControl", "Fabric.Authorization.AccessControl\Fabric.Authorization.AccessControl.csproj", "{47E07C65-6563-42AD-9724-CAFD4433AF22}"
EndProject
Project("{9A19103F-16F7-4668-BE54-9A1E7A4F7556}") = "Catalyst.Fabric.Authorization.Client", "Catalyst.Fabric.Authorization.Client\Catalyst.Fabric.Authorization.Client.csproj", "{9F5916AE-D16C-4BA8-A5B9-944F956318BB}"
EndProject
Project("{9A19103F-16F7-4668-BE54-9A1E7A4F7556}") = "Catalyst.Fabric.Authorization.Client.FunctionalTests", "Catalyst.Fabric.Authorization.Client.FunctionalTests\Catalyst.Fabric.Authorization.Client.FunctionalTests.csproj", "{970A31A3-6C58-4D66-86C0-FC1282AAEF4F}"
EndProject
Project("{9A19103F-16F7-4668-BE54-9A1E7A4F7556}") = "Catalyst.Fabric.Authorization.Client.UnitTests", "Catalyst.Fabric.Authorization.Client.UnitTests\Catalyst.Fabric.Authorization.Client.UnitTests.csproj", "{70B62B77-54C9-4885-A636-7355F1AE194A}"
EndProject
Project("{9A19103F-16F7-4668-BE54-9A1E7A4F7556}") = "Catalyst.Fabric.Authorization.Models", "Catalyst.Fabric.Authorization.Models\Catalyst.Fabric.Authorization.Models.csproj", "{3DB2486B-4171-403D-BE01-47B26E325C02}"
EndProject
Global
	GlobalSection(SolutionConfigurationPlatforms) = preSolution
		Debug|Any CPU = Debug|Any CPU
		Release|Any CPU = Release|Any CPU
	EndGlobalSection
	GlobalSection(ProjectConfigurationPlatforms) = postSolution
		{BE529580-6E92-47BE-B66F-DAAB486B7AC3}.Debug|Any CPU.ActiveCfg = Debug|Any CPU
		{BE529580-6E92-47BE-B66F-DAAB486B7AC3}.Debug|Any CPU.Build.0 = Debug|Any CPU
		{BE529580-6E92-47BE-B66F-DAAB486B7AC3}.Release|Any CPU.ActiveCfg = Release|Any CPU
		{BE529580-6E92-47BE-B66F-DAAB486B7AC3}.Release|Any CPU.Build.0 = Release|Any CPU
		{76B0ABEE-0C7F-4352-AFC4-DFDB83491B12}.Debug|Any CPU.ActiveCfg = Debug|Any CPU
		{76B0ABEE-0C7F-4352-AFC4-DFDB83491B12}.Debug|Any CPU.Build.0 = Debug|Any CPU
		{76B0ABEE-0C7F-4352-AFC4-DFDB83491B12}.Release|Any CPU.ActiveCfg = Release|Any CPU
		{76B0ABEE-0C7F-4352-AFC4-DFDB83491B12}.Release|Any CPU.Build.0 = Release|Any CPU
		{AEAA89A0-DD7E-43B5-A052-4EC1CDE3E044}.Debug|Any CPU.ActiveCfg = Debug|Any CPU
		{AEAA89A0-DD7E-43B5-A052-4EC1CDE3E044}.Debug|Any CPU.Build.0 = Debug|Any CPU
		{AEAA89A0-DD7E-43B5-A052-4EC1CDE3E044}.Release|Any CPU.ActiveCfg = Release|Any CPU
		{AEAA89A0-DD7E-43B5-A052-4EC1CDE3E044}.Release|Any CPU.Build.0 = Release|Any CPU
		{2112EDDE-E830-4E0A-AF00-4A211772FD32}.Debug|Any CPU.ActiveCfg = Debug|Any CPU
		{2112EDDE-E830-4E0A-AF00-4A211772FD32}.Debug|Any CPU.Build.0 = Debug|Any CPU
		{2112EDDE-E830-4E0A-AF00-4A211772FD32}.Release|Any CPU.ActiveCfg = Release|Any CPU
		{2112EDDE-E830-4E0A-AF00-4A211772FD32}.Release|Any CPU.Build.0 = Release|Any CPU
		{3F90AE6E-7202-4BC7-923B-D5342F391997}.Debug|Any CPU.ActiveCfg = Debug|Any CPU
		{3F90AE6E-7202-4BC7-923B-D5342F391997}.Debug|Any CPU.Build.0 = Debug|Any CPU
		{3F90AE6E-7202-4BC7-923B-D5342F391997}.Release|Any CPU.ActiveCfg = Release|Any CPU
		{3F90AE6E-7202-4BC7-923B-D5342F391997}.Release|Any CPU.Build.0 = Release|Any CPU
		{5D55F78B-6965-4093-9048-6F9AD0883A7C}.Debug|Any CPU.ActiveCfg = Debug|Any CPU
		{5D55F78B-6965-4093-9048-6F9AD0883A7C}.Debug|Any CPU.Build.0 = Debug|Any CPU
		{5D55F78B-6965-4093-9048-6F9AD0883A7C}.Debug|Any CPU.Deploy.0 = Debug|Any CPU
		{5D55F78B-6965-4093-9048-6F9AD0883A7C}.Release|Any CPU.ActiveCfg = Release|Any CPU
		{5D55F78B-6965-4093-9048-6F9AD0883A7C}.Release|Any CPU.Build.0 = Release|Any CPU
		{5D55F78B-6965-4093-9048-6F9AD0883A7C}.Release|Any CPU.Deploy.0 = Release|Any CPU
		{0F06934A-01C8-4959-8A00-6F23052691B2}.Debug|Any CPU.ActiveCfg = Debug|Any CPU
		{0F06934A-01C8-4959-8A00-6F23052691B2}.Debug|Any CPU.Build.0 = Debug|Any CPU
		{0F06934A-01C8-4959-8A00-6F23052691B2}.Release|Any CPU.ActiveCfg = Release|Any CPU
		{0F06934A-01C8-4959-8A00-6F23052691B2}.Release|Any CPU.Build.0 = Release|Any CPU
		{915460EA-ED17-4820-9174-D3C76A6FD8D0}.Debug|Any CPU.ActiveCfg = Debug|Any CPU
		{915460EA-ED17-4820-9174-D3C76A6FD8D0}.Debug|Any CPU.Build.0 = Debug|Any CPU
		{915460EA-ED17-4820-9174-D3C76A6FD8D0}.Release|Any CPU.ActiveCfg = Release|Any CPU
		{915460EA-ED17-4820-9174-D3C76A6FD8D0}.Release|Any CPU.Build.0 = Release|Any CPU
		{47E07C65-6563-42AD-9724-CAFD4433AF22}.Debug|Any CPU.ActiveCfg = Debug|Any CPU
		{47E07C65-6563-42AD-9724-CAFD4433AF22}.Debug|Any CPU.Build.0 = Debug|Any CPU
		{47E07C65-6563-42AD-9724-CAFD4433AF22}.Release|Any CPU.ActiveCfg = Release|Any CPU
		{47E07C65-6563-42AD-9724-CAFD4433AF22}.Release|Any CPU.Build.0 = Release|Any CPU
		{9F5916AE-D16C-4BA8-A5B9-944F956318BB}.Debug|Any CPU.ActiveCfg = Debug|Any CPU
		{9F5916AE-D16C-4BA8-A5B9-944F956318BB}.Debug|Any CPU.Build.0 = Debug|Any CPU
		{9F5916AE-D16C-4BA8-A5B9-944F956318BB}.Release|Any CPU.ActiveCfg = Release|Any CPU
		{9F5916AE-D16C-4BA8-A5B9-944F956318BB}.Release|Any CPU.Build.0 = Release|Any CPU
		{970A31A3-6C58-4D66-86C0-FC1282AAEF4F}.Debug|Any CPU.ActiveCfg = Debug|Any CPU
		{970A31A3-6C58-4D66-86C0-FC1282AAEF4F}.Debug|Any CPU.Build.0 = Debug|Any CPU
		{970A31A3-6C58-4D66-86C0-FC1282AAEF4F}.Release|Any CPU.ActiveCfg = Release|Any CPU
		{970A31A3-6C58-4D66-86C0-FC1282AAEF4F}.Release|Any CPU.Build.0 = Release|Any CPU
		{70B62B77-54C9-4885-A636-7355F1AE194A}.Debug|Any CPU.ActiveCfg = Debug|Any CPU
		{70B62B77-54C9-4885-A636-7355F1AE194A}.Debug|Any CPU.Build.0 = Debug|Any CPU
		{70B62B77-54C9-4885-A636-7355F1AE194A}.Release|Any CPU.ActiveCfg = Release|Any CPU
		{70B62B77-54C9-4885-A636-7355F1AE194A}.Release|Any CPU.Build.0 = Release|Any CPU
		{3DB2486B-4171-403D-BE01-47B26E325C02}.Debug|Any CPU.ActiveCfg = Debug|Any CPU
		{3DB2486B-4171-403D-BE01-47B26E325C02}.Debug|Any CPU.Build.0 = Debug|Any CPU
		{3DB2486B-4171-403D-BE01-47B26E325C02}.Release|Any CPU.ActiveCfg = Release|Any CPU
		{3DB2486B-4171-403D-BE01-47B26E325C02}.Release|Any CPU.Build.0 = Release|Any CPU
	EndGlobalSection
	GlobalSection(SolutionProperties) = preSolution
		HideSolutionNode = FALSE
	EndGlobalSection
	GlobalSection(ExtensibilityGlobals) = postSolution
		SolutionGuid = {DE9476A5-DFBC-438A-8017-CE1FB765AFC0}
	EndGlobalSection
EndGlobal
