
Microsoft Visual Studio Solution File, Format Version 12.00
# Visual Studio 15
VisualStudioVersion = 15.0.26228.10
MinimumVisualStudioVersion = 10.0.40219.1
Project("{FAE04EC0-301F-11D3-BF4B-00C04F79EFBC}") = "Fabric.Identity.API", "Fabric.Identity.API\Fabric.Identity.API.csproj", "{339B47C8-2013-43AF-8338-2D02C0105C9F}"
EndProject
Project("{E53339B2-1760-4266-BCC7-CA923CBCF16C}") = "docker-compose", "docker-compose.dcproj", "{A80E090D-8D26-48F6-ABC8-5DC6A556D76E}"
EndProject
Project("{FAE04EC0-301F-11D3-BF4B-00C04F79EFBC}") = "Fabric.Identity.MvcSample", "Fabric.Identity.MvcSample\Fabric.Identity.MvcSample.csproj", "{C09BB3DD-AEBA-447F-857E-E7E413F5908F}"
EndProject
Project("{FAE04EC0-301F-11D3-BF4B-00C04F79EFBC}") = "Fabric.Identity.APISample", "Fabric.Identity.APISample\Fabric.Identity.APISample.csproj", "{14FC605B-814A-4480-98F0-7AAA96165863}"
EndProject
Global
	GlobalSection(SolutionConfigurationPlatforms) = preSolution
		Debug|Any CPU = Debug|Any CPU
		Release|Any CPU = Release|Any CPU
	EndGlobalSection
	GlobalSection(ProjectConfigurationPlatforms) = postSolution
		{339B47C8-2013-43AF-8338-2D02C0105C9F}.Debug|Any CPU.ActiveCfg = Debug|Any CPU
		{339B47C8-2013-43AF-8338-2D02C0105C9F}.Debug|Any CPU.Build.0 = Debug|Any CPU
		{339B47C8-2013-43AF-8338-2D02C0105C9F}.Release|Any CPU.ActiveCfg = Release|Any CPU
		{339B47C8-2013-43AF-8338-2D02C0105C9F}.Release|Any CPU.Build.0 = Release|Any CPU
		{A80E090D-8D26-48F6-ABC8-5DC6A556D76E}.Debug|Any CPU.ActiveCfg = Debug|Any CPU
		{A80E090D-8D26-48F6-ABC8-5DC6A556D76E}.Debug|Any CPU.Build.0 = Debug|Any CPU
		{A80E090D-8D26-48F6-ABC8-5DC6A556D76E}.Release|Any CPU.ActiveCfg = Release|Any CPU
		{A80E090D-8D26-48F6-ABC8-5DC6A556D76E}.Release|Any CPU.Build.0 = Release|Any CPU
		{C09BB3DD-AEBA-447F-857E-E7E413F5908F}.Debug|Any CPU.ActiveCfg = Debug|Any CPU
		{C09BB3DD-AEBA-447F-857E-E7E413F5908F}.Debug|Any CPU.Build.0 = Debug|Any CPU
		{C09BB3DD-AEBA-447F-857E-E7E413F5908F}.Release|Any CPU.ActiveCfg = Release|Any CPU
		{C09BB3DD-AEBA-447F-857E-E7E413F5908F}.Release|Any CPU.Build.0 = Release|Any CPU
		{14FC605B-814A-4480-98F0-7AAA96165863}.Debug|Any CPU.ActiveCfg = Debug|Any CPU
		{14FC605B-814A-4480-98F0-7AAA96165863}.Debug|Any CPU.Build.0 = Debug|Any CPU
		{14FC605B-814A-4480-98F0-7AAA96165863}.Release|Any CPU.ActiveCfg = Release|Any CPU
		{14FC605B-814A-4480-98F0-7AAA96165863}.Release|Any CPU.Build.0 = Release|Any CPU
	EndGlobalSection
	GlobalSection(SolutionProperties) = preSolution
		HideSolutionNode = FALSE
	EndGlobalSection
EndGlobal
